
Microsoft Visual Studio Solution File, Format Version 11.00
# Visual Studio 2010
Project("{FAE04EC0-301F-11D3-BF4B-00C04F79EFBC}") = "Assembly-CSharp", "Assembly-CSharp.csproj", "{edf3722a-63ab-5e58-3284-bd17257191af}"
EndProject
Project("{FAE04EC0-301F-11D3-BF4B-00C04F79EFBC}") = "EditorMigrationScripts", "EditorMigrationScripts.csproj", "{d59e76fc-e145-f1bf-6a1d-dce6edff72a0}"
EndProject
Global
	GlobalSection(SolutionConfigurationPlatforms) = preSolution
		Debug|Any CPU = Debug|Any CPU
		Release|Any CPU = Release|Any CPU
	EndGlobalSection
	GlobalSection(ProjectConfigurationPlatforms) = postSolution
		{edf3722a-63ab-5e58-3284-bd17257191af}.Debug|Any CPU.ActiveCfg = Debug|Any CPU
		{edf3722a-63ab-5e58-3284-bd17257191af}.Debug|Any CPU.Build.0 = Debug|Any CPU
		{edf3722a-63ab-5e58-3284-bd17257191af}.Release|Any CPU.ActiveCfg = Release|Any CPU
		{edf3722a-63ab-5e58-3284-bd17257191af}.Release|Any CPU.Build.0 = Release|Any CPU
		{d59e76fc-e145-f1bf-6a1d-dce6edff72a0}.Debug|Any CPU.ActiveCfg = Debug|Any CPU
		{d59e76fc-e145-f1bf-6a1d-dce6edff72a0}.Debug|Any CPU.Build.0 = Debug|Any CPU
		{d59e76fc-e145-f1bf-6a1d-dce6edff72a0}.Release|Any CPU.ActiveCfg = Release|Any CPU
		{d59e76fc-e145-f1bf-6a1d-dce6edff72a0}.Release|Any CPU.Build.0 = Release|Any CPU
	EndGlobalSection
	GlobalSection(SolutionProperties) = preSolution
		HideSolutionNode = FALSE
	EndGlobalSection
EndGlobal
